
Microsoft Visual Studio Solution File, Format Version 12.00
# Visual Studio Version 16
VisualStudioVersion = 16.0.31911.196
MinimumVisualStudioVersion = 10.0.40219.1
Project("{FAE04EC0-301F-11D3-BF4B-00C04F79EFBC}") = "tablaro intento 1", "tablaro intento 1\tablaro intento 1.csproj", "{A7D31EB7-33D6-4DBC-B226-5C5248855525}"
EndProject
Global
	GlobalSection(SolutionConfigurationPlatforms) = preSolution
		Debug|Any CPU = Debug|Any CPU
		Release|Any CPU = Release|Any CPU
	EndGlobalSection
	GlobalSection(ProjectConfigurationPlatforms) = postSolution
		{A7D31EB7-33D6-4DBC-B226-5C5248855525}.Debug|Any CPU.ActiveCfg = Debug|Any CPU
		{A7D31EB7-33D6-4DBC-B226-5C5248855525}.Debug|Any CPU.Build.0 = Debug|Any CPU
		{A7D31EB7-33D6-4DBC-B226-5C5248855525}.Release|Any CPU.ActiveCfg = Release|Any CPU
		{A7D31EB7-33D6-4DBC-B226-5C5248855525}.Release|Any CPU.Build.0 = Release|Any CPU
	EndGlobalSection
	GlobalSection(SolutionProperties) = preSolution
		HideSolutionNode = FALSE
	EndGlobalSection
	GlobalSection(ExtensibilityGlobals) = postSolution
		SolutionGuid = {E39E2BAF-F3F4-4944-8454-D2D28739CA37}
	EndGlobalSection
EndGlobal
